{
  "name": "nest-admin",
  "version": "0.0.1",
  "lockfileVersion": 3,
  "requires": true,
  "packages": {
    "": {
      "name": "nest-admin",
      "version": "0.0.1",
      "license": "UNLICENSED",
      "dependencies": {
        "@nestjs/mapped-types": "*"
      }
    },
    "../../node_modules/.pnpm/@nestjs+mapped-types@0.0.1_class-transformer@0.2.3_class-validator@0.11.1_reflect-metadata@0.1.14/node_modules/@nestjs/mapped-types": {
      "version": "0.0.1",
      "license": "MIT",
      "devDependencies": {
        "@commitlint/cli": "8.3.5",
        "@commitlint/config-angular": "8.3.4",
        "@types/jest": "25.2.1",
        "@types/node": "7.10.8",
        "@typescript-eslint/eslint-plugin": "2.23.0",
        "@typescript-eslint/parser": "2.23.0",
        "class-transformer": "0.2.3",
        "class-validator": "0.11.1",
        "eslint": "6.8.0",
        "eslint-config-prettier": "6.10.1",
        "eslint-plugin-import": "2.20.1",
        "husky": "4.2.3",
        "jest": "25.1.0",
        "lint-staged": "10.0.8",
        "prettier": "1.19.1",
        "reflect-metadata": "0.1.13",
        "release-it": "13.1.1",
        "rimraf": "3.0.2",
        "ts-jest": "25.2.1",
        "typescript": "3.8.3"
      },
      "peerDependencies": {
        "class-transformer": "^0.2.3",
        "class-validator": "^0.11.1",
        "reflect-metadata": "^0.1.12"
      }
    },
    "node_modules/@nestjs/mapped-types": {
      "resolved": "../../node_modules/.pnpm/@nestjs+mapped-types@0.0.1_class-transformer@0.2.3_class-validator@0.11.1_reflect-metadata@0.1.14/node_modules/@nestjs/mapped-types",
      "link": true
    }
  }
}
